
Microsoft Visual Studio Solution File, Format Version 12.00
# Visual Studio Version 16
VisualStudioVersion = 16.0.29911.84
MinimumVisualStudioVersion = 10.0.40219.1
Project("{FAE04EC0-301F-11D3-BF4B-00C04F79EFBC}") = "DockingManager", "DockingManager\DockingManager.csproj", "{87D5EC90-D3D4-49CD-9757-C7ED64C07233}"
EndProject
Project("{2150E333-8FDC-42A3-9474-1A3956D46DE8}") = "Solution Items", "Solution Items", "{E0A9B710-3D78-4E21-8E38-9790393D11EA}"
EndProject
Project("{FAE04EC0-301F-11D3-BF4B-00C04F79EFBC}") = "DockingManagerTests", "DockingManagerTests\DockingManagerTests.csproj", "{5E0E23D5-4A49-45AF-842E-C24AEF35D1EF}"
EndProject
Global
	GlobalSection(SolutionConfigurationPlatforms) = preSolution
		Debug|Any CPU = Debug|Any CPU
		Release|Any CPU = Release|Any CPU
	EndGlobalSection
	GlobalSection(ProjectConfigurationPlatforms) = postSolution
		{87D5EC90-D3D4-49CD-9757-C7ED64C07233}.Debug|Any CPU.ActiveCfg = Debug|Any CPU
		{87D5EC90-D3D4-49CD-9757-C7ED64C07233}.Debug|Any CPU.Build.0 = Debug|Any CPU
		{87D5EC90-D3D4-49CD-9757-C7ED64C07233}.Release|Any CPU.ActiveCfg = Release|Any CPU
		{87D5EC90-D3D4-49CD-9757-C7ED64C07233}.Release|Any CPU.Build.0 = Release|Any CPU
		{5E0E23D5-4A49-45AF-842E-C24AEF35D1EF}.Debug|Any CPU.ActiveCfg = Debug|Any CPU
		{5E0E23D5-4A49-45AF-842E-C24AEF35D1EF}.Debug|Any CPU.Build.0 = Debug|Any CPU
		{5E0E23D5-4A49-45AF-842E-C24AEF35D1EF}.Release|Any CPU.ActiveCfg = Release|Any CPU
		{5E0E23D5-4A49-45AF-842E-C24AEF35D1EF}.Release|Any CPU.Build.0 = Release|Any CPU
	EndGlobalSection
	GlobalSection(SolutionProperties) = preSolution
		HideSolutionNode = FALSE
	EndGlobalSection
	GlobalSection(ExtensibilityGlobals) = postSolution
		SolutionGuid = {0C74D4DE-B506-4FFE-947B-46B3A6F74F17}
	EndGlobalSection
EndGlobal
